
Microsoft Visual Studio Solution File, Format Version 12.00
# Visual Studio 15
Project("{FAE04EC0-301F-11D3-BF4B-00C04F79EFBC}") = "Assembly-CSharp", "Assembly-CSharp.csproj", "{F4BB1312-B30D-39DF-547C-8953FD0985CA}"
EndProject
Project("{FAE04EC0-301F-11D3-BF4B-00C04F79EFBC}") = "Assembly-CSharp-Editor", "Assembly-CSharp-Editor.csproj", "{42FA4178-4D1B-506F-C785-DD3ADF1CF926}"
EndProject
Project("{FAE04EC0-301F-11D3-BF4B-00C04F79EFBC}") = "NavMeshComponentsEditor", "NavMeshComponentsEditor.csproj", "{83109759-F658-E46D-D7F0-35BC8412C4E5}"
EndProject
Project("{FAE04EC0-301F-11D3-BF4B-00C04F79EFBC}") = "NavMeshComponents", "NavMeshComponents.csproj", "{D764C1E8-E1AB-4A7B-34C4-2CD554BA8374}"
EndProject
Global
	GlobalSection(SolutionConfigurationPlatforms) = preSolution
		Debug|Any CPU = Debug|Any CPU
		Release|Any CPU = Release|Any CPU
	EndGlobalSection
	GlobalSection(ProjectConfigurationPlatforms) = postSolution
		{F4BB1312-B30D-39DF-547C-8953FD0985CA}.Debug|Any CPU.ActiveCfg = Debug|Any CPU
		{F4BB1312-B30D-39DF-547C-8953FD0985CA}.Debug|Any CPU.Build.0 = Debug|Any CPU
		{F4BB1312-B30D-39DF-547C-8953FD0985CA}.Release|Any CPU.ActiveCfg = Release|Any CPU
		{F4BB1312-B30D-39DF-547C-8953FD0985CA}.Release|Any CPU.Build.0 = Release|Any CPU
		{42FA4178-4D1B-506F-C785-DD3ADF1CF926}.Debug|Any CPU.ActiveCfg = Debug|Any CPU
		{42FA4178-4D1B-506F-C785-DD3ADF1CF926}.Debug|Any CPU.Build.0 = Debug|Any CPU
		{42FA4178-4D1B-506F-C785-DD3ADF1CF926}.Release|Any CPU.ActiveCfg = Release|Any CPU
		{42FA4178-4D1B-506F-C785-DD3ADF1CF926}.Release|Any CPU.Build.0 = Release|Any CPU
		{83109759-F658-E46D-D7F0-35BC8412C4E5}.Debug|Any CPU.ActiveCfg = Debug|Any CPU
		{83109759-F658-E46D-D7F0-35BC8412C4E5}.Debug|Any CPU.Build.0 = Debug|Any CPU
		{83109759-F658-E46D-D7F0-35BC8412C4E5}.Release|Any CPU.ActiveCfg = Release|Any CPU
		{83109759-F658-E46D-D7F0-35BC8412C4E5}.Release|Any CPU.Build.0 = Release|Any CPU
		{D764C1E8-E1AB-4A7B-34C4-2CD554BA8374}.Debug|Any CPU.ActiveCfg = Debug|Any CPU
		{D764C1E8-E1AB-4A7B-34C4-2CD554BA8374}.Debug|Any CPU.Build.0 = Debug|Any CPU
		{D764C1E8-E1AB-4A7B-34C4-2CD554BA8374}.Release|Any CPU.ActiveCfg = Release|Any CPU
		{D764C1E8-E1AB-4A7B-34C4-2CD554BA8374}.Release|Any CPU.Build.0 = Release|Any CPU
	EndGlobalSection
	GlobalSection(SolutionProperties) = preSolution
		HideSolutionNode = FALSE
	EndGlobalSection
EndGlobal
